
Microsoft Visual Studio Solution File, Format Version 12.00
# Visual Studio Version 17
VisualStudioVersion = 17.2.32616.157
MinimumVisualStudioVersion = 10.0.40219.1
Project("{FAE04EC0-301F-11D3-BF4B-00C04F79EFBC}") = "Ticket", "Ticket.csproj", "{6460EAE3-0678-477C-B82F-A2EE31D73EAB}"
EndProject
Global
	GlobalSection(SolutionConfigurationPlatforms) = preSolution
		Debug|Any CPU = Debug|Any CPU
		Release|Any CPU = Release|Any CPU
	EndGlobalSection
	GlobalSection(ProjectConfigurationPlatforms) = postSolution
		{6460EAE3-0678-477C-B82F-A2EE31D73EAB}.Debug|Any CPU.ActiveCfg = Debug|Any CPU
		{6460EAE3-0678-477C-B82F-A2EE31D73EAB}.Debug|Any CPU.Build.0 = Debug|Any CPU
		{6460EAE3-0678-477C-B82F-A2EE31D73EAB}.Release|Any CPU.ActiveCfg = Release|Any CPU
		{6460EAE3-0678-477C-B82F-A2EE31D73EAB}.Release|Any CPU.Build.0 = Release|Any CPU
	EndGlobalSection
	GlobalSection(SolutionProperties) = preSolution
		HideSolutionNode = FALSE
	EndGlobalSection
	GlobalSection(ExtensibilityGlobals) = postSolution
		SolutionGuid = {2AEED6EC-64F1-497E-8887-E48D2F6D6CEB}
	EndGlobalSection
EndGlobal
